
Microsoft Visual Studio Solution File, Format Version 12.00
# Visual Studio Version 17
VisualStudioVersion = 17.6.33712.159
MinimumVisualStudioVersion = 10.0.40219.1
Project("{FAE04EC0-301F-11D3-BF4B-00C04F79EFBC}") = "LoginPractice", "LoginPractice\LoginPractice.csproj", "{E22791C6-D6E1-437B-B7F1-FF1F2367A599}"
EndProject
Global
	GlobalSection(SolutionConfigurationPlatforms) = preSolution
		Debug|Any CPU = Debug|Any CPU
		Release|Any CPU = Release|Any CPU
	EndGlobalSection
	GlobalSection(ProjectConfigurationPlatforms) = postSolution
		{E22791C6-D6E1-437B-B7F1-FF1F2367A599}.Debug|Any CPU.ActiveCfg = Debug|Any CPU
		{E22791C6-D6E1-437B-B7F1-FF1F2367A599}.Debug|Any CPU.Build.0 = Debug|Any CPU
		{E22791C6-D6E1-437B-B7F1-FF1F2367A599}.Release|Any CPU.ActiveCfg = Release|Any CPU
		{E22791C6-D6E1-437B-B7F1-FF1F2367A599}.Release|Any CPU.Build.0 = Release|Any CPU
	EndGlobalSection
	GlobalSection(SolutionProperties) = preSolution
		HideSolutionNode = FALSE
	EndGlobalSection
	GlobalSection(ExtensibilityGlobals) = postSolution
		SolutionGuid = {27CFDE31-1607-4B60-8058-A258348E675E}
	EndGlobalSection
EndGlobal
